
Microsoft Visual Studio Solution File, Format Version 12.00
# Visual Studio Version 17
VisualStudioVersion = 17.0.32112.339
MinimumVisualStudioVersion = 10.0.40219.1
Project("{9A19103F-16F7-4668-BE54-9A1E7A4F7556}") = "GitHubTask", "GitHubTask\GitHubTask.csproj", "{F531C1F0-5F85-440D-BDDD-0487C96064A1}"
EndProject
Project("{9A19103F-16F7-4668-BE54-9A1E7A4F7556}") = "RangeTask", "RangeTask\RangeTask.csproj", "{BEC3E644-B990-4A04-A1E5-5A6DF7D3D85A}"
EndProject
Project("{9A19103F-16F7-4668-BE54-9A1E7A4F7556}") = "VectorTask", "VectorTask\VectorTask.csproj", "{F2208301-F10E-4A6D-8DB9-C729C8D82B3A}"
EndProject
Project("{9A19103F-16F7-4668-BE54-9A1E7A4F7556}") = "MatrixTask", "MatrixTask\MatrixTask.csproj", "{608189AE-2AD3-4E3B-A6EF-8CD1DF59127E}"
EndProject
Project("{9A19103F-16F7-4668-BE54-9A1E7A4F7556}") = "test", "test\test.csproj", "{1EE163C2-4218-4A90-9EAC-170A535BB0D1}"
EndProject
Project("{9A19103F-16F7-4668-BE54-9A1E7A4F7556}") = "IShapeTask", "IShapeTask\IShapeTask.csproj", "{9C374075-5842-4C36-81E1-D707028832B5}"
EndProject
Project("{9A19103F-16F7-4668-BE54-9A1E7A4F7556}") = "ListTask", "ListTask\ListTask.csproj", "{16476D92-3736-48B8-9B2A-8146EA9C3F31}"
EndProject
Project("{9A19103F-16F7-4668-BE54-9A1E7A4F7556}") = "ArrayListTask", "ArrayListTask\ArrayListTask.csproj", "{7C71747B-921E-4133-907E-DD1ED19FC754}"
EndProject
Project("{9A19103F-16F7-4668-BE54-9A1E7A4F7556}") = "HashTableTask", "HashTableTask\HashTableTask.csproj", "{0E43136A-DB03-4EF5-88F6-305AB3C91E22}"
EndProject
Project("{9A19103F-16F7-4668-BE54-9A1E7A4F7556}") = "TreeTask", "TreeTask\TreeTask.csproj", "{B4E7A5A1-8541-4D36-A042-CBCA6BC77036}"
EndProject
Project("{9A19103F-16F7-4668-BE54-9A1E7A4F7556}") = "ArrayListHomeTask", "ArrayListHome\ArrayListHomeTask.csproj", "{B039251E-FE2D-4FB1-9C16-B863D8C083B7}"
EndProject
Project("{9A19103F-16F7-4668-BE54-9A1E7A4F7556}") = "LambdaTask", "lambdaTask\LambdaTask.csproj", "{3188A38D-4D71-468B-BBEB-4A3E43A45D98}"
EndProject
Project("{2150E333-8FDC-42A3-9474-1A3956D46DE8}") = "Solution Items", "Solution Items", "{0FEBD939-7035-433D-9B6D-E1CE6AF9DC7A}"
	ProjectSection(SolutionItems) = preProject
		.editorconfig = .editorconfig
	EndProjectSection
EndProject
Project("{9A19103F-16F7-4668-BE54-9A1E7A4F7556}") = "TemperatureTask", "TemperatureTask\TemperatureTask.csproj", "{C16F9AEB-C444-430D-BE3F-294D08FC5C7F}"
EndProject
Project("{9A19103F-16F7-4668-BE54-9A1E7A4F7556}") = "ConverterCsvToHtmlTask", "ConverterCsvToHtmlTask\ConverterCsvToHtmlTask.csproj", "{5E401A98-2088-45C5-BAC5-52F5521A1C50}"
EndProject
Global
	GlobalSection(SolutionConfigurationPlatforms) = preSolution
		Debug|Any CPU = Debug|Any CPU
		Release|Any CPU = Release|Any CPU
	EndGlobalSection
	GlobalSection(ProjectConfigurationPlatforms) = postSolution
		{F531C1F0-5F85-440D-BDDD-0487C96064A1}.Debug|Any CPU.ActiveCfg = Debug|Any CPU
		{F531C1F0-5F85-440D-BDDD-0487C96064A1}.Debug|Any CPU.Build.0 = Debug|Any CPU
		{F531C1F0-5F85-440D-BDDD-0487C96064A1}.Release|Any CPU.ActiveCfg = Release|Any CPU
		{F531C1F0-5F85-440D-BDDD-0487C96064A1}.Release|Any CPU.Build.0 = Release|Any CPU
		{BEC3E644-B990-4A04-A1E5-5A6DF7D3D85A}.Debug|Any CPU.ActiveCfg = Debug|Any CPU
		{BEC3E644-B990-4A04-A1E5-5A6DF7D3D85A}.Debug|Any CPU.Build.0 = Debug|Any CPU
		{BEC3E644-B990-4A04-A1E5-5A6DF7D3D85A}.Release|Any CPU.ActiveCfg = Release|Any CPU
		{BEC3E644-B990-4A04-A1E5-5A6DF7D3D85A}.Release|Any CPU.Build.0 = Release|Any CPU
		{F2208301-F10E-4A6D-8DB9-C729C8D82B3A}.Debug|Any CPU.ActiveCfg = Debug|Any CPU
		{F2208301-F10E-4A6D-8DB9-C729C8D82B3A}.Debug|Any CPU.Build.0 = Debug|Any CPU
		{F2208301-F10E-4A6D-8DB9-C729C8D82B3A}.Release|Any CPU.ActiveCfg = Release|Any CPU
		{F2208301-F10E-4A6D-8DB9-C729C8D82B3A}.Release|Any CPU.Build.0 = Release|Any CPU
		{608189AE-2AD3-4E3B-A6EF-8CD1DF59127E}.Debug|Any CPU.ActiveCfg = Debug|Any CPU
		{608189AE-2AD3-4E3B-A6EF-8CD1DF59127E}.Debug|Any CPU.Build.0 = Debug|Any CPU
		{608189AE-2AD3-4E3B-A6EF-8CD1DF59127E}.Release|Any CPU.ActiveCfg = Release|Any CPU
		{608189AE-2AD3-4E3B-A6EF-8CD1DF59127E}.Release|Any CPU.Build.0 = Release|Any CPU
		{1EE163C2-4218-4A90-9EAC-170A535BB0D1}.Debug|Any CPU.ActiveCfg = Debug|Any CPU
		{1EE163C2-4218-4A90-9EAC-170A535BB0D1}.Debug|Any CPU.Build.0 = Debug|Any CPU
		{1EE163C2-4218-4A90-9EAC-170A535BB0D1}.Release|Any CPU.ActiveCfg = Release|Any CPU
		{1EE163C2-4218-4A90-9EAC-170A535BB0D1}.Release|Any CPU.Build.0 = Release|Any CPU
		{9C374075-5842-4C36-81E1-D707028832B5}.Debug|Any CPU.ActiveCfg = Debug|Any CPU
		{9C374075-5842-4C36-81E1-D707028832B5}.Debug|Any CPU.Build.0 = Debug|Any CPU
		{9C374075-5842-4C36-81E1-D707028832B5}.Release|Any CPU.ActiveCfg = Release|Any CPU
		{9C374075-5842-4C36-81E1-D707028832B5}.Release|Any CPU.Build.0 = Release|Any CPU
		{16476D92-3736-48B8-9B2A-8146EA9C3F31}.Debug|Any CPU.ActiveCfg = Debug|Any CPU
		{16476D92-3736-48B8-9B2A-8146EA9C3F31}.Debug|Any CPU.Build.0 = Debug|Any CPU
		{16476D92-3736-48B8-9B2A-8146EA9C3F31}.Release|Any CPU.ActiveCfg = Release|Any CPU
		{16476D92-3736-48B8-9B2A-8146EA9C3F31}.Release|Any CPU.Build.0 = Release|Any CPU
		{7C71747B-921E-4133-907E-DD1ED19FC754}.Debug|Any CPU.ActiveCfg = Debug|Any CPU
		{7C71747B-921E-4133-907E-DD1ED19FC754}.Debug|Any CPU.Build.0 = Debug|Any CPU
		{7C71747B-921E-4133-907E-DD1ED19FC754}.Release|Any CPU.ActiveCfg = Release|Any CPU
		{7C71747B-921E-4133-907E-DD1ED19FC754}.Release|Any CPU.Build.0 = Release|Any CPU
		{0E43136A-DB03-4EF5-88F6-305AB3C91E22}.Debug|Any CPU.ActiveCfg = Debug|Any CPU
		{0E43136A-DB03-4EF5-88F6-305AB3C91E22}.Debug|Any CPU.Build.0 = Debug|Any CPU
		{0E43136A-DB03-4EF5-88F6-305AB3C91E22}.Release|Any CPU.ActiveCfg = Release|Any CPU
		{0E43136A-DB03-4EF5-88F6-305AB3C91E22}.Release|Any CPU.Build.0 = Release|Any CPU
		{B4E7A5A1-8541-4D36-A042-CBCA6BC77036}.Debug|Any CPU.ActiveCfg = Debug|Any CPU
		{B4E7A5A1-8541-4D36-A042-CBCA6BC77036}.Debug|Any CPU.Build.0 = Debug|Any CPU
		{B4E7A5A1-8541-4D36-A042-CBCA6BC77036}.Release|Any CPU.ActiveCfg = Release|Any CPU
		{B4E7A5A1-8541-4D36-A042-CBCA6BC77036}.Release|Any CPU.Build.0 = Release|Any CPU
		{B039251E-FE2D-4FB1-9C16-B863D8C083B7}.Debug|Any CPU.ActiveCfg = Debug|Any CPU
		{B039251E-FE2D-4FB1-9C16-B863D8C083B7}.Debug|Any CPU.Build.0 = Debug|Any CPU
		{B039251E-FE2D-4FB1-9C16-B863D8C083B7}.Release|Any CPU.ActiveCfg = Release|Any CPU
		{B039251E-FE2D-4FB1-9C16-B863D8C083B7}.Release|Any CPU.Build.0 = Release|Any CPU
		{3188A38D-4D71-468B-BBEB-4A3E43A45D98}.Debug|Any CPU.ActiveCfg = Debug|Any CPU
		{3188A38D-4D71-468B-BBEB-4A3E43A45D98}.Debug|Any CPU.Build.0 = Debug|Any CPU
		{3188A38D-4D71-468B-BBEB-4A3E43A45D98}.Release|Any CPU.ActiveCfg = Release|Any CPU
		{3188A38D-4D71-468B-BBEB-4A3E43A45D98}.Release|Any CPU.Build.0 = Release|Any CPU
		{C16F9AEB-C444-430D-BE3F-294D08FC5C7F}.Debug|Any CPU.ActiveCfg = Debug|Any CPU
		{C16F9AEB-C444-430D-BE3F-294D08FC5C7F}.Debug|Any CPU.Build.0 = Debug|Any CPU
		{C16F9AEB-C444-430D-BE3F-294D08FC5C7F}.Release|Any CPU.ActiveCfg = Release|Any CPU
		{C16F9AEB-C444-430D-BE3F-294D08FC5C7F}.Release|Any CPU.Build.0 = Release|Any CPU
		{5E401A98-2088-45C5-BAC5-52F5521A1C50}.Debug|Any CPU.ActiveCfg = Debug|Any CPU
		{5E401A98-2088-45C5-BAC5-52F5521A1C50}.Debug|Any CPU.Build.0 = Debug|Any CPU
		{5E401A98-2088-45C5-BAC5-52F5521A1C50}.Release|Any CPU.ActiveCfg = Release|Any CPU
		{5E401A98-2088-45C5-BAC5-52F5521A1C50}.Release|Any CPU.Build.0 = Release|Any CPU
	EndGlobalSection
	GlobalSection(SolutionProperties) = preSolution
		HideSolutionNode = FALSE
	EndGlobalSection
	GlobalSection(ExtensibilityGlobals) = postSolution
		SolutionGuid = {F9E9C462-EE01-4618-AE41-696459F57DA5}
	EndGlobalSection
EndGlobal
