
Microsoft Visual Studio Solution File, Format Version 12.00
# Visual Studio Version 17
VisualStudioVersion = 17.0.32112.339
MinimumVisualStudioVersion = 10.0.40219.1
Project("{9A19103F-16F7-4668-BE54-9A1E7A4F7556}") = "GitHubTask", "GitHubTask\GitHubTask.csproj", "{F531C1F0-5F85-440D-BDDD-0487C96064A1}"
EndProject
Project("{9A19103F-16F7-4668-BE54-9A1E7A4F7556}") = "RangeTask", "RangeTask\RangeTask.csproj", "{BEC3E644-B990-4A04-A1E5-5A6DF7D3D85A}"
EndProject
Project("{9A19103F-16F7-4668-BE54-9A1E7A4F7556}") = "VectorTask", "VectorTask\VectorTask.csproj", "{F2208301-F10E-4A6D-8DB9-C729C8D82B3A}"
EndProject
Project("{9A19103F-16F7-4668-BE54-9A1E7A4F7556}") = "MatrixTask", "MatrixTask\MatrixTask.csproj", "{608189AE-2AD3-4E3B-A6EF-8CD1DF59127E}"
EndProject
Project("{9A19103F-16F7-4668-BE54-9A1E7A4F7556}") = "test", "test\test.csproj", "{1EE163C2-4218-4A90-9EAC-170A535BB0D1}"
EndProject
Project("{9A19103F-16F7-4668-BE54-9A1E7A4F7556}") = "IShapeTask", "IShapeTask\IShapeTask.csproj", "{9C374075-5842-4C36-81E1-D707028832B5}"
EndProject
Project("{FAE04EC0-301F-11D3-BF4B-00C04F79EFBC}") = "ListTask", "ListTask\ListTask.csproj", "{16476D92-3736-48B8-9B2A-8146EA9C3F31}"
EndProject
Global
	GlobalSection(SolutionConfigurationPlatforms) = preSolution
		Debug|Any CPU = Debug|Any CPU
		Release|Any CPU = Release|Any CPU
	EndGlobalSection
	GlobalSection(ProjectConfigurationPlatforms) = postSolution
		{F531C1F0-5F85-440D-BDDD-0487C96064A1}.Debug|Any CPU.ActiveCfg = Debug|Any CPU
		{F531C1F0-5F85-440D-BDDD-0487C96064A1}.Debug|Any CPU.Build.0 = Debug|Any CPU
		{F531C1F0-5F85-440D-BDDD-0487C96064A1}.Release|Any CPU.ActiveCfg = Release|Any CPU
		{F531C1F0-5F85-440D-BDDD-0487C96064A1}.Release|Any CPU.Build.0 = Release|Any CPU
		{BEC3E644-B990-4A04-A1E5-5A6DF7D3D85A}.Debug|Any CPU.ActiveCfg = Debug|Any CPU
		{BEC3E644-B990-4A04-A1E5-5A6DF7D3D85A}.Debug|Any CPU.Build.0 = Debug|Any CPU
		{BEC3E644-B990-4A04-A1E5-5A6DF7D3D85A}.Release|Any CPU.ActiveCfg = Release|Any CPU
		{BEC3E644-B990-4A04-A1E5-5A6DF7D3D85A}.Release|Any CPU.Build.0 = Release|Any CPU
		{F2208301-F10E-4A6D-8DB9-C729C8D82B3A}.Debug|Any CPU.ActiveCfg = Debug|Any CPU
		{F2208301-F10E-4A6D-8DB9-C729C8D82B3A}.Debug|Any CPU.Build.0 = Debug|Any CPU
		{F2208301-F10E-4A6D-8DB9-C729C8D82B3A}.Release|Any CPU.ActiveCfg = Release|Any CPU
		{F2208301-F10E-4A6D-8DB9-C729C8D82B3A}.Release|Any CPU.Build.0 = Release|Any CPU
		{608189AE-2AD3-4E3B-A6EF-8CD1DF59127E}.Debug|Any CPU.ActiveCfg = Debug|Any CPU
		{608189AE-2AD3-4E3B-A6EF-8CD1DF59127E}.Debug|Any CPU.Build.0 = Debug|Any CPU
		{608189AE-2AD3-4E3B-A6EF-8CD1DF59127E}.Release|Any CPU.ActiveCfg = Release|Any CPU
		{608189AE-2AD3-4E3B-A6EF-8CD1DF59127E}.Release|Any CPU.Build.0 = Release|Any CPU
		{1EE163C2-4218-4A90-9EAC-170A535BB0D1}.Debug|Any CPU.ActiveCfg = Debug|Any CPU
		{1EE163C2-4218-4A90-9EAC-170A535BB0D1}.Debug|Any CPU.Build.0 = Debug|Any CPU
		{1EE163C2-4218-4A90-9EAC-170A535BB0D1}.Release|Any CPU.ActiveCfg = Release|Any CPU
		{1EE163C2-4218-4A90-9EAC-170A535BB0D1}.Release|Any CPU.Build.0 = Release|Any CPU
		{9C374075-5842-4C36-81E1-D707028832B5}.Debug|Any CPU.ActiveCfg = Debug|Any CPU
		{9C374075-5842-4C36-81E1-D707028832B5}.Debug|Any CPU.Build.0 = Debug|Any CPU
		{9C374075-5842-4C36-81E1-D707028832B5}.Release|Any CPU.ActiveCfg = Release|Any CPU
		{9C374075-5842-4C36-81E1-D707028832B5}.Release|Any CPU.Build.0 = Release|Any CPU
		{16476D92-3736-48B8-9B2A-8146EA9C3F31}.Debug|Any CPU.ActiveCfg = Debug|Any CPU
		{16476D92-3736-48B8-9B2A-8146EA9C3F31}.Debug|Any CPU.Build.0 = Debug|Any CPU
		{16476D92-3736-48B8-9B2A-8146EA9C3F31}.Release|Any CPU.ActiveCfg = Release|Any CPU
		{16476D92-3736-48B8-9B2A-8146EA9C3F31}.Release|Any CPU.Build.0 = Release|Any CPU
	EndGlobalSection
	GlobalSection(SolutionProperties) = preSolution
		HideSolutionNode = FALSE
	EndGlobalSection
	GlobalSection(ExtensibilityGlobals) = postSolution
		SolutionGuid = {F9E9C462-EE01-4618-AE41-696459F57DA5}
	EndGlobalSection
EndGlobal
