
Microsoft Visual Studio Solution File, Format Version 12.00
# Visual Studio Version 17
VisualStudioVersion = 17.0.32112.339
MinimumVisualStudioVersion = 10.0.40219.1
Project("{9A19103F-16F7-4668-BE54-9A1E7A4F7556}") = "GitHubTask", "GitHubTask\GitHubTask.csproj", "{F531C1F0-5F85-440D-BDDD-0487C96064A1}"
EndProject
Project("{9A19103F-16F7-4668-BE54-9A1E7A4F7556}") = "RangeTask", "RangeTask_part1\RangeTask.csproj", "{BEC3E644-B990-4A04-A1E5-5A6DF7D3D85A}"
EndProject
Global
	GlobalSection(SolutionConfigurationPlatforms) = preSolution
		Debug|Any CPU = Debug|Any CPU
		Release|Any CPU = Release|Any CPU
	EndGlobalSection
	GlobalSection(ProjectConfigurationPlatforms) = postSolution
		{F531C1F0-5F85-440D-BDDD-0487C96064A1}.Debug|Any CPU.ActiveCfg = Debug|Any CPU
		{F531C1F0-5F85-440D-BDDD-0487C96064A1}.Debug|Any CPU.Build.0 = Debug|Any CPU
		{F531C1F0-5F85-440D-BDDD-0487C96064A1}.Release|Any CPU.ActiveCfg = Release|Any CPU
		{F531C1F0-5F85-440D-BDDD-0487C96064A1}.Release|Any CPU.Build.0 = Release|Any CPU
		{BEC3E644-B990-4A04-A1E5-5A6DF7D3D85A}.Debug|Any CPU.ActiveCfg = Debug|Any CPU
		{BEC3E644-B990-4A04-A1E5-5A6DF7D3D85A}.Debug|Any CPU.Build.0 = Debug|Any CPU
		{BEC3E644-B990-4A04-A1E5-5A6DF7D3D85A}.Release|Any CPU.ActiveCfg = Release|Any CPU
		{BEC3E644-B990-4A04-A1E5-5A6DF7D3D85A}.Release|Any CPU.Build.0 = Release|Any CPU
	EndGlobalSection
	GlobalSection(SolutionProperties) = preSolution
		HideSolutionNode = FALSE
	EndGlobalSection
	GlobalSection(ExtensibilityGlobals) = postSolution
		SolutionGuid = {F9E9C462-EE01-4618-AE41-696459F57DA5}
	EndGlobalSection
EndGlobal
